// !$*UTF8*$!
{
	archiveVersion = 1;
	classes = {
	};
	objectVersion = 50;
	objects = {

/* Begin PBXBuildFile section */
		B0FF138924650CF500176DC9 /* AppDelegate.swift in Sources */ = {isa = PBXBuildFile; fileRef = B0FF138824650CF500176DC9 /* AppDelegate.swift */; };
		B0FF138B24650CF500176DC9 /* SceneDelegate.swift in Sources */ = {isa = PBXBuildFile; fileRef = B0FF138A24650CF500176DC9 /* SceneDelegate.swift */; };
		B0FF138D24650CF500176DC9 /* ViewController.swift in Sources */ = {isa = PBXBuildFile; fileRef = B0FF138C24650CF500176DC9 /* ViewController.swift */; };
		B0FF139024650CF500176DC9 /* Main.storyboard in Resources */ = {isa = PBXBuildFile; fileRef = B0FF138E24650CF500176DC9 /* Main.storyboard */; };
		B0FF139324650CF500176DC9 /* PushNotificationTest.xcdatamodeld in Sources */ = {isa = PBXBuildFile; fileRef = B0FF139124650CF500176DC9 /* PushNotificationTest.xcdatamodeld */; };
		B0FF139524650CF600176DC9 /* Assets.xcassets in Resources */ = {isa = PBXBuildFile; fileRef = B0FF139424650CF600176DC9 /* Assets.xcassets */; };
		B0FF139824650CF600176DC9 /* LaunchScreen.storyboard in Resources */ = {isa = PBXBuildFile; fileRef = B0FF139624650CF600176DC9 /* LaunchScreen.storyboard */; };
		B0FF13A324650CF600176DC9 /* PushNotificationTestTests.swift in Sources */ = {isa = PBXBuildFile; fileRef = B0FF13A224650CF600176DC9 /* PushNotificationTestTests.swift */; };
		B0FF13AE24650CF600176DC9 /* PushNotificationTestUITests.swift in Sources */ = {isa = PBXBuildFile; fileRef = B0FF13AD24650CF600176DC9 /* PushNotificationTestUITests.swift */; };
		B0FF13BC2465156800176DC9 /* notification.apns in Resources */ = {isa = PBXBuildFile; fileRef = B0FF13BB2465156800176DC9 /* notification.apns */; };
/* End PBXBuildFile section */

/* Begin PBXContainerItemProxy section */
		B0FF139F24650CF600176DC9 /* PBXContainerItemProxy */ = {
			isa = PBXContainerItemProxy;
			containerPortal = B0FF137D24650CF500176DC9 /* Project object */;
			proxyType = 1;
			remoteGlobalIDString = B0FF138424650CF500176DC9;
			remoteInfo = PushNotificationTest;
		};
		B0FF13AA24650CF600176DC9 /* PBXContainerItemProxy */ = {
			isa = PBXContainerItemProxy;
			containerPortal = B0FF137D24650CF500176DC9 /* Project object */;
			proxyType = 1;
			remoteGlobalIDString = B0FF138424650CF500176DC9;
			remoteInfo = PushNotificationTest;
		};
/* End PBXContainerItemProxy section */

/* Begin PBXFileReference section */
		B0FF138524650CF500176DC9 /* PushNotificationTest.app */ = {isa = PBXFileReference; explicitFileType = wrapper.application; includeInIndex = 0; path = PushNotificationTest.app; sourceTree = BUILT_PRODUCTS_DIR; };
		B0FF138824650CF500176DC9 /* AppDelegate.swift */ = {isa = PBXFileReference; lastKnownFileType = sourcecode.swift; path = AppDelegate.swift; sourceTree = "<group>"; };
		B0FF138A24650CF500176DC9 /* SceneDelegate.swift */ = {isa = PBXFileReference; lastKnownFileType = sourcecode.swift; path = SceneDelegate.swift; sourceTree = "<group>"; };
		B0FF138C24650CF500176DC9 /* ViewController.swift */ = {isa = PBXFileReference; lastKnownFileType = sourcecode.swift; path = ViewController.swift; sourceTree = "<group>"; };
		B0FF138F24650CF500176DC9 /* Base */ = {isa = PBXFileReference; lastKnownFileType = file.storyboard; name = Base; path = Base.lproj/Main.storyboard; sourceTree = "<group>"; };
		B0FF139224650CF500176DC9 /* PushNotificationTest.xcdatamodel */ = {isa = PBXFileReference; lastKnownFileType = wrapper.xcdatamodel; path = PushNotificationTest.xcdatamodel; sourceTree = "<group>"; };
		B0FF139424650CF600176DC9 /* Assets.xcassets */ = {isa = PBXFileReference; lastKnownFileType = folder.assetcatalog; path = Assets.xcassets; sourceTree = "<group>"; };
		B0FF139724650CF600176DC9 /* Base */ = {isa = PBXFileReference; lastKnownFileType = file.storyboard; name = Base; path = Base.lproj/LaunchScreen.storyboard; sourceTree = "<group>"; };
		B0FF139924650CF600176DC9 /* Info.plist */ = {isa = PBXFileReference; lastKnownFileType = text.plist.xml; path = Info.plist; sourceTree = "<group>"; };
		B0FF139E24650CF600176DC9 /* PushNotificationTestTests.xctest */ = {isa = PBXFileReference; explicitFileType = wrapper.cfbundle; includeInIndex = 0; path = PushNotificationTestTests.xctest; sourceTree = BUILT_PRODUCTS_DIR; };
		B0FF13A224650CF600176DC9 /* PushNotificationTestTests.swift */ = {isa = PBXFileReference; lastKnownFileType = sourcecode.swift; path = PushNotificationTestTests.swift; sourceTree = "<group>"; };
		B0FF13A424650CF600176DC9 /* Info.plist */ = {isa = PBXFileReference; lastKnownFileType = text.plist.xml; path = Info.plist; sourceTree = "<group>"; };
		B0FF13A924650CF600176DC9 /* PushNotificationTestUITests.xctest */ = {isa = PBXFileReference; explicitFileType = wrapper.cfbundle; includeInIndex = 0; path = PushNotificationTestUITests.xctest; sourceTree = BUILT_PRODUCTS_DIR; };
		B0FF13AD24650CF600176DC9 /* PushNotificationTestUITests.swift */ = {isa = PBXFileReference; lastKnownFileType = sourcecode.swift; path = PushNotificationTestUITests.swift; sourceTree = "<group>"; };
		B0FF13AF24650CF600176DC9 /* Info.plist */ = {isa = PBXFileReference; lastKnownFileType = text.plist.xml; path = Info.plist; sourceTree = "<group>"; };
		B0FF13BB2465156800176DC9 /* notification.apns */ = {isa = PBXFileReference; fileEncoding = 4; lastKnownFileType = text; path = notification.apns; sourceTree = "<group>"; };
/* End PBXFileReference section */

/* Begin PBXFrameworksBuildPhase section */
		B0FF138224650CF500176DC9 /* Frameworks */ = {
			isa = PBXFrameworksBuildPhase;
			buildActionMask = 2147483647;
			files = (
			);
			runOnlyForDeploymentPostprocessing = 0;
		};
		B0FF139B24650CF600176DC9 /* Frameworks */ = {
			isa = PBXFrameworksBuildPhase;
			buildActionMask = 2147483647;
			files = (
			);
			runOnlyForDeploymentPostprocessing = 0;
		};
		B0FF13A624650CF600176DC9 /* Frameworks */ = {
			isa = PBXFrameworksBuildPhase;
			buildActionMask = 2147483647;
			files = (
			);
			runOnlyForDeploymentPostprocessing = 0;
		};
/* End PBXFrameworksBuildPhase section */

/* Begin PBXGroup section */
		B0FF137C24650CF500176DC9 = {
			isa = PBXGroup;
			children = (
				B0FF138724650CF500176DC9 /* PushNotificationTest */,
				B0FF13A124650CF600176DC9 /* PushNotificationTestTests */,
				B0FF13AC24650CF600176DC9 /* PushNotificationTestUITests */,
				B0FF138624650CF500176DC9 /* Products */,
			);
			sourceTree = "<group>";
		};
		B0FF138624650CF500176DC9 /* Products */ = {
			isa = PBXGroup;
			children = (
				B0FF138524650CF500176DC9 /* PushNotificationTest.app */,
				B0FF139E24650CF600176DC9 /* PushNotificationTestTests.xctest */,
				B0FF13A924650CF600176DC9 /* PushNotificationTestUITests.xctest */,
			);
			name = Products;
			sourceTree = "<group>";
		};
		B0FF138724650CF500176DC9 /* PushNotificationTest */ = {
			isa = PBXGroup;
			children = (
				B0FF13BB2465156800176DC9 /* notification.apns */,
				B0FF138824650CF500176DC9 /* AppDelegate.swift */,
				B0FF138A24650CF500176DC9 /* SceneDelegate.swift */,
				B0FF138C24650CF500176DC9 /* ViewController.swift */,
				B0FF138E24650CF500176DC9 /* Main.storyboard */,
				B0FF139424650CF600176DC9 /* Assets.xcassets */,
				B0FF139624650CF600176DC9 /* LaunchScreen.storyboard */,
				B0FF139924650CF600176DC9 /* Info.plist */,
				B0FF139124650CF500176DC9 /* PushNotificationTest.xcdatamodeld */,
			);
			path = PushNotificationTest;
			sourceTree = "<group>";
		};
		B0FF13A124650CF600176DC9 /* PushNotificationTestTests */ = {
			isa = PBXGroup;
			children = (
				B0FF13A224650CF600176DC9 /* PushNotificationTestTests.swift */,
				B0FF13A424650CF600176DC9 /* Info.plist */,
			);
			path = PushNotificationTestTests;
			sourceTree = "<group>";
		};
		B0FF13AC24650CF600176DC9 /* PushNotificationTestUITests */ = {
			isa = PBXGroup;
			children = (
				B0FF13AD24650CF600176DC9 /* PushNotificationTestUITests.swift */,
				B0FF13AF24650CF600176DC9 /* Info.plist */,
			);
			path = PushNotificationTestUITests;
			sourceTree = "<group>";
		};
/* End PBXGroup section */

/* Begin PBXNativeTarget section */
		B0FF138424650CF500176DC9 /* PushNotificationTest */ = {
			isa = PBXNativeTarget;
			buildConfigurationList = B0FF13B224650CF600176DC9 /* Build configuration list for PBXNativeTarget "PushNotificationTest" */;
			buildPhases = (
				B0FF138124650CF500176DC9 /* Sources */,
				B0FF138224650CF500176DC9 /* Frameworks */,
				B0FF138324650CF500176DC9 /* Resources */,
			);
			buildRules = (
			);
			dependencies = (
			);
			name = PushNotificationTest;
			productName = PushNotificationTest;
			productReference = B0FF138524650CF500176DC9 /* PushNotificationTest.app */;
			productType = "com.apple.product-type.application";
		};
		B0FF139D24650CF600176DC9 /* PushNotificationTestTests */ = {
			isa = PBXNativeTarget;
			buildConfigurationList = B0FF13B524650CF600176DC9 /* Build configuration list for PBXNativeTarget "PushNotificationTestTests" */;
			buildPhases = (
				B0FF139A24650CF600176DC9 /* Sources */,
				B0FF139B24650CF600176DC9 /* Frameworks */,
				B0FF139C24650CF600176DC9 /* Resources */,
			);
			buildRules = (
			);
			dependencies = (
				B0FF13A024650CF600176DC9 /* PBXTargetDependency */,
			);
			name = PushNotificationTestTests;
			productName = PushNotificationTestTests;
			productReference = B0FF139E24650CF600176DC9 /* PushNotificationTestTests.xctest */;
			productType = "com.apple.product-type.bundle.unit-test";
		};
		B0FF13A824650CF600176DC9 /* PushNotificationTestUITests */ = {
			isa = PBXNativeTarget;
			buildConfigurationList = B0FF13B824650CF600176DC9 /* Build configuration list for PBXNativeTarget "PushNotificationTestUITests" */;
			buildPhases = (
				B0FF13A524650CF600176DC9 /* Sources */,
				B0FF13A624650CF600176DC9 /* Frameworks */,
				B0FF13A724650CF600176DC9 /* Resources */,
			);
			buildRules = (
			);
			dependencies = (
				B0FF13AB24650CF600176DC9 /* PBXTargetDependency */,
			);
			name = PushNotificationTestUITests;
			productName = PushNotificationTestUITests;
			productReference = B0FF13A924650CF600176DC9 /* PushNotificationTestUITests.xctest */;
			productType = "com.apple.product-type.bundle.ui-testing";
		};
/* End PBXNativeTarget section */

/* Begin PBXProject section */
		B0FF137D24650CF500176DC9 /* Project object */ = {
			isa = PBXProject;
			attributes = {
				LastSwiftUpdateCheck = 1140;
				LastUpgradeCheck = 1140;
				ORGANIZATIONNAME = Wayne;
				TargetAttributes = {
					B0FF138424650CF500176DC9 = {
						CreatedOnToolsVersion = 11.4.1;
					};
					B0FF139D24650CF600176DC9 = {
						CreatedOnToolsVersion = 11.4.1;
						TestTargetID = B0FF138424650CF500176DC9;
					};
					B0FF13A824650CF600176DC9 = {
						CreatedOnToolsVersion = 11.4.1;
						TestTargetID = B0FF138424650CF500176DC9;
					};
				};
			};
			buildConfigurationList = B0FF138024650CF500176DC9 /* Build configuration list for PBXProject "PushNotificationTest" */;
			compatibilityVersion = "Xcode 9.3";
			developmentRegion = en;
			hasScannedForEncodings = 0;
			knownRegions = (
				en,
				Base,
			);
			mainGroup = B0FF137C24650CF500176DC9;
			productRefGroup = B0FF138624650CF500176DC9 /* Products */;
			projectDirPath = "";
			projectRoot = "";
			targets = (
				B0FF138424650CF500176DC9 /* PushNotificationTest */,
				B0FF139D24650CF600176DC9 /* PushNotificationTestTests */,
				B0FF13A824650CF600176DC9 /* PushNotificationTestUITests */,
			);
		};
/* End PBXProject section */

/* Begin PBXResourcesBuildPhase section */
		B0FF138324650CF500176DC9 /* Resources */ = {
			isa = PBXResourcesBuildPhase;
			buildActionMask = 2147483647;
			files = (
				B0FF13BC2465156800176DC9 /* notification.apns in Resources */,
				B0FF139824650CF600176DC9 /* LaunchScreen.storyboard in Resources */,
				B0FF139524650CF600176DC9 /* Assets.xcassets in Resources */,
				B0FF139024650CF500176DC9 /* Main.storyboard in Resources */,
			);
			runOnlyForDeploymentPostprocessing = 0;
		};
		B0FF139C24650CF600176DC9 /* Resources */ = {
			isa = PBXResourcesBuildPhase;
			buildActionMask = 2147483647;
			files = (
			);
			runOnlyForDeploymentPostprocessing = 0;
		};
		B0FF13A724650CF600176DC9 /* Resources */ = {
			isa = PBXResourcesBuildPhase;
			buildActionMask = 2147483647;
			files = (
			);
			runOnlyForDeploymentPostprocessing = 0;
		};
/* End PBXResourcesBuildPhase section */

/* Begin PBXSourcesBuildPhase section */
		B0FF138124650CF500176DC9 /* Sources */ = {
			isa = PBXSourcesBuildPhase;
			buildActionMask = 2147483647;
			files = (
				B0FF139324650CF500176DC9 /* PushNotificationTest.xcdatamodeld in Sources */,
				B0FF138D24650CF500176DC9 /* ViewController.swift in Sources */,
				B0FF138924650CF500176DC9 /* AppDelegate.swift in Sources */,
				B0FF138B24650CF500176DC9 /* SceneDelegate.swift in Sources */,
			);
			runOnlyForDeploymentPostprocessing = 0;
		};
		B0FF139A24650CF600176DC9 /* Sources */ = {
			isa = PBXSourcesBuildPhase;
			buildActionMask = 2147483647;
			files = (
				B0FF13A324650CF600176DC9 /* PushNotificationTestTests.swift in Sources */,
			);
			runOnlyForDeploymentPostprocessing = 0;
		};
		B0FF13A524650CF600176DC9 /* Sources */ = {
			isa = PBXSourcesBuildPhase;
			buildActionMask = 2147483647;
			files = (
				B0FF13AE24650CF600176DC9 /* PushNotificationTestUITests.swift in Sources */,
			);
			runOnlyForDeploymentPostprocessing = 0;
		};
/* End PBXSourcesBuildPhase section */

/* Begin PBXTargetDependency section */
		B0FF13A024650CF600176DC9 /* PBXTargetDependency */ = {
			isa = PBXTargetDependency;
			target = B0FF138424650CF500176DC9 /* PushNotificationTest */;
			targetProxy = B0FF139F24650CF600176DC9 /* PBXContainerItemProxy */;
		};
		B0FF13AB24650CF600176DC9 /* PBXTargetDependency */ = {
			isa = PBXTargetDependency;
			target = B0FF138424650CF500176DC9 /* PushNotificationTest */;
			targetProxy = B0FF13AA24650CF600176DC9 /* PBXContainerItemProxy */;
		};
/* End PBXTargetDependency section */

/* Begin PBXVariantGroup section */
		B0FF138E24650CF500176DC9 /* Main.storyboard */ = {
			isa = PBXVariantGroup;
			children = (
				B0FF138F24650CF500176DC9 /* Base */,
			);
			name = Main.storyboard;
			sourceTree = "<group>";
		};
		B0FF139624650CF600176DC9 /* LaunchScreen.storyboard */ = {
			isa = PBXVariantGroup;
			children = (
				B0FF139724650CF600176DC9 /* Base */,
			);
			name = LaunchScreen.storyboard;
			sourceTree = "<group>";
		};
/* End PBXVariantGroup section */

/* Begin XCBuildConfiguration section */
		B0FF13B024650CF600176DC9 /* Debug */ = {
			isa = XCBuildConfiguration;
			buildSettings = {
				ALWAYS_SEARCH_USER_PATHS = NO;
				CLANG_ANALYZER_NONNULL = YES;
				CLANG_ANALYZER_NUMBER_OBJECT_CONVERSION = YES_AGGRESSIVE;
				CLANG_CXX_LANGUAGE_STANDARD = "gnu++14";
				CLANG_CXX_LIBRARY = "libc++";
				CLANG_ENABLE_MODULES = YES;
				CLANG_ENABLE_OBJC_ARC = YES;
				CLANG_ENABLE_OBJC_WEAK = YES;
				CLANG_WARN_BLOCK_CAPTURE_AUTORELEASING = YES;
				CLANG_WARN_BOOL_CONVERSION = YES;
				CLANG_WARN_COMMA = YES;
				CLANG_WARN_CONSTANT_CONVERSION = YES;
				CLANG_WARN_DEPRECATED_OBJC_IMPLEMENTATIONS = YES;
				CLANG_WARN_DIRECT_OBJC_ISA_USAGE = YES_ERROR;
				CLANG_WARN_DOCUMENTATION_COMMENTS = YES;
				CLANG_WARN_EMPTY_BODY = YES;
				CLANG_WARN_ENUM_CONVERSION = YES;
				CLANG_WARN_INFINITE_RECURSION = YES;
				CLANG_WARN_INT_CONVERSION = YES;
				CLANG_WARN_NON_LITERAL_NULL_CONVERSION = YES;
				CLANG_WARN_OBJC_IMPLICIT_RETAIN_SELF = YES;
				CLANG_WARN_OBJC_LITERAL_CONVERSION = YES;
				CLANG_WARN_OBJC_ROOT_CLASS = YES_ERROR;
				CLANG_WARN_RANGE_LOOP_ANALYSIS = YES;
				CLANG_WARN_STRICT_PROTOTYPES = YES;
				CLANG_WARN_SUSPICIOUS_MOVE = YES;
				CLANG_WARN_UNGUARDED_AVAILABILITY = YES_AGGRESSIVE;
				CLANG_WARN_UNREACHABLE_CODE = YES;
				CLANG_WARN__DUPLICATE_METHOD_MATCH = YES;
				COPY_PHASE_STRIP = NO;
				DEBUG_INFORMATION_FORMAT = dwarf;
				ENABLE_STRICT_OBJC_MSGSEND = YES;
				ENABLE_TESTABILITY = YES;
				GCC_C_LANGUAGE_STANDARD = gnu11;
				GCC_DYNAMIC_NO_PIC = NO;
				GCC_NO_COMMON_BLOCKS = YES;
				GCC_OPTIMIZATION_LEVEL = 0;
				GCC_PREPROCESSOR_DEFINITIONS = (
					"DEBUG=1",
					"$(inherited)",
				);
				GCC_WARN_64_TO_32_BIT_CONVERSION = YES;
				GCC_WARN_ABOUT_RETURN_TYPE = YES_ERROR;
				GCC_WARN_UNDECLARED_SELECTOR = YES;
				GCC_WARN_UNINITIALIZED_AUTOS = YES_AGGRESSIVE;
				GCC_WARN_UNUSED_FUNCTION = YES;
				GCC_WARN_UNUSED_VARIABLE = YES;
				IPHONEOS_DEPLOYMENT_TARGET = 13.4;
				MTL_ENABLE_DEBUG_INFO = INCLUDE_SOURCE;
				MTL_FAST_MATH = YES;
				ONLY_ACTIVE_ARCH = YES;
				SDKROOT = iphoneos;
				SWIFT_ACTIVE_COMPILATION_CONDITIONS = DEBUG;
				SWIFT_OPTIMIZATION_LEVEL = "-Onone";
			};
			name = Debug;
		};
		B0FF13B124650CF600176DC9 /* Release */ = {
			isa = XCBuildConfiguration;
			buildSettings = {
				ALWAYS_SEARCH_USER_PATHS = NO;
				CLANG_ANALYZER_NONNULL = YES;
				CLANG_ANALYZER_NUMBER_OBJECT_CONVERSION = YES_AGGRESSIVE;
				CLANG_CXX_LANGUAGE_STANDARD = "gnu++14";
				CLANG_CXX_LIBRARY = "libc++";
				CLANG_ENABLE_MODULES = YES;
				CLANG_ENABLE_OBJC_ARC = YES;
				CLANG_ENABLE_OBJC_WEAK = YES;
				CLANG_WARN_BLOCK_CAPTURE_AUTORELEASING = YES;
				CLANG_WARN_BOOL_CONVERSION = YES;
				CLANG_WARN_COMMA = YES;
				CLANG_WARN_CONSTANT_CONVERSION = YES;
				CLANG_WARN_DEPRECATED_OBJC_IMPLEMENTATIONS = YES;
				CLANG_WARN_DIRECT_OBJC_ISA_USAGE = YES_ERROR;
				CLANG_WARN_DOCUMENTATION_COMMENTS = YES;
				CLANG_WARN_EMPTY_BODY = YES;
				CLANG_WARN_ENUM_CONVERSION = YES;
				CLANG_WARN_INFINITE_RECURSION = YES;
				CLANG_WARN_INT_CONVERSION = YES;
				CLANG_WARN_NON_LITERAL_NULL_CONVERSION = YES;
				CLANG_WARN_OBJC_IMPLICIT_RETAIN_SELF = YES;
				CLANG_WARN_OBJC_LITERAL_CONVERSION = YES;
				CLANG_WARN_OBJC_ROOT_CLASS = YES_ERROR;
				CLANG_WARN_RANGE_LOOP_ANALYSIS = YES;
				CLANG_WARN_STRICT_PROTOTYPES = YES;
				CLANG_WARN_SUSPICIOUS_MOVE = YES;
				CLANG_WARN_UNGUARDED_AVAILABILITY = YES_AGGRESSIVE;
				CLANG_WARN_UNREACHABLE_CODE = YES;
				CLANG_WARN__DUPLICATE_METHOD_MATCH = YES;
				COPY_PHASE_STRIP = NO;
				DEBUG_INFORMATION_FORMAT = "dwarf-with-dsym";
				ENABLE_NS_ASSERTIONS = NO;
				ENABLE_STRICT_OBJC_MSGSEND = YES;
				GCC_C_LANGUAGE_STANDARD = gnu11;
				GCC_NO_COMMON_BLOCKS = YES;
				GCC_WARN_64_TO_32_BIT_CONVERSION = YES;
				GCC_WARN_ABOUT_RETURN_TYPE = YES_ERROR;
				GCC_WARN_UNDECLARED_SELECTOR = YES;
				GCC_WARN_UNINITIALIZED_AUTOS = YES_AGGRESSIVE;
				GCC_WARN_UNUSED_FUNCTION = YES;
				GCC_WARN_UNUSED_VARIABLE = YES;
				IPHONEOS_DEPLOYMENT_TARGET = 13.4;
				MTL_ENABLE_DEBUG_INFO = NO;
				MTL_FAST_MATH = YES;
				SDKROOT = iphoneos;
				SWIFT_COMPILATION_MODE = wholemodule;
				SWIFT_OPTIMIZATION_LEVEL = "-O";
				VALIDATE_PRODUCT = YES;
			};
			name = Release;
		};
		B0FF13B324650CF600176DC9 /* Debug */ = {
			isa = XCBuildConfiguration;
			buildSettings = {
				ASSETCATALOG_COMPILER_APPICON_NAME = AppIcon;
				CODE_SIGN_STYLE = Automatic;
				INFOPLIST_FILE = PushNotificationTest/Info.plist;
				LD_RUNPATH_SEARCH_PATHS = (
					"$(inherited)",
					"@executable_path/Frameworks",
				);
				PRODUCT_BUNDLE_IDENTIFIER = com.waynestalk.PushNotificationTest;
				PRODUCT_NAME = "$(TARGET_NAME)";
				SWIFT_VERSION = 5.0;
				TARGETED_DEVICE_FAMILY = "1,2";
			};
			name = Debug;
		};
		B0FF13B424650CF600176DC9 /* Release */ = {
			isa = XCBuildConfiguration;
			buildSettings = {
				ASSETCATALOG_COMPILER_APPICON_NAME = AppIcon;
				CODE_SIGN_STYLE = Automatic;
				INFOPLIST_FILE = PushNotificationTest/Info.plist;
				LD_RUNPATH_SEARCH_PATHS = (
					"$(inherited)",
					"@executable_path/Frameworks",
				);
				PRODUCT_BUNDLE_IDENTIFIER = com.waynestalk.PushNotificationTest;
				PRODUCT_NAME = "$(TARGET_NAME)";
				SWIFT_VERSION = 5.0;
				TARGETED_DEVICE_FAMILY = "1,2";
			};
			name = Release;
		};
		B0FF13B624650CF600176DC9 /* Debug */ = {
			isa = XCBuildConfiguration;
			buildSettings = {
				ALWAYS_EMBED_SWIFT_STANDARD_LIBRARIES = YES;
				BUNDLE_LOADER = "$(TEST_HOST)";
				CODE_SIGN_STYLE = Automatic;
				INFOPLIST_FILE = PushNotificationTestTests/Info.plist;
				IPHONEOS_DEPLOYMENT_TARGET = 13.4;
				LD_RUNPATH_SEARCH_PATHS = (
					"$(inherited)",
					"@executable_path/Frameworks",
					"@loader_path/Frameworks",
				);
				PRODUCT_BUNDLE_IDENTIFIER = com.waynestalk.PushNotificationTestTests;
				PRODUCT_NAME = "$(TARGET_NAME)";
				SWIFT_VERSION = 5.0;
				TARGETED_DEVICE_FAMILY = "1,2";
				TEST_HOST = "$(BUILT_PRODUCTS_DIR)/PushNotificationTest.app/PushNotificationTest";
			};
			name = Debug;
		};
		B0FF13B724650CF600176DC9 /* Release */ = {
			isa = XCBuildConfiguration;
			buildSettings = {
				ALWAYS_EMBED_SWIFT_STANDARD_LIBRARIES = YES;
				BUNDLE_LOADER = "$(TEST_HOST)";
				CODE_SIGN_STYLE = Automatic;
				INFOPLIST_FILE = PushNotificationTestTests/Info.plist;
				IPHONEOS_DEPLOYMENT_TARGET = 13.4;
				LD_RUNPATH_SEARCH_PATHS = (
					"$(inherited)",
					"@executable_path/Frameworks",
					"@loader_path/Frameworks",
				);
				PRODUCT_BUNDLE_IDENTIFIER = com.waynestalk.PushNotificationTestTests;
				PRODUCT_NAME = "$(TARGET_NAME)";
				SWIFT_VERSION = 5.0;
				TARGETED_DEVICE_FAMILY = "1,2";
				TEST_HOST = "$(BUILT_PRODUCTS_DIR)/PushNotificationTest.app/PushNotificationTest";
			};
			name = Release;
		};
		B0FF13B924650CF600176DC9 /* Debug */ = {
			isa = XCBuildConfiguration;
			buildSettings = {
				ALWAYS_EMBED_SWIFT_STANDARD_LIBRARIES = YES;
				CODE_SIGN_STYLE = Automatic;
				INFOPLIST_FILE = PushNotificationTestUITests/Info.plist;
				LD_RUNPATH_SEARCH_PATHS = (
					"$(inherited)",
					"@executable_path/Frameworks",
					"@loader_path/Frameworks",
				);
				PRODUCT_BUNDLE_IDENTIFIER = com.waynestalk.PushNotificationTestUITests;
				PRODUCT_NAME = "$(TARGET_NAME)";
				SWIFT_VERSION = 5.0;
				TARGETED_DEVICE_FAMILY = "1,2";
				TEST_TARGET_NAME = PushNotificationTest;
			};
			name = Debug;
		};
		B0FF13BA24650CF600176DC9 /* Release */ = {
			isa = XCBuildConfiguration;
			buildSettings = {
				ALWAYS_EMBED_SWIFT_STANDARD_LIBRARIES = YES;
				CODE_SIGN_STYLE = Automatic;
				INFOPLIST_FILE = PushNotificationTestUITests/Info.plist;
				LD_RUNPATH_SEARCH_PATHS = (
					"$(inherited)",
					"@executable_path/Frameworks",
					"@loader_path/Frameworks",
				);
				PRODUCT_BUNDLE_IDENTIFIER = com.waynestalk.PushNotificationTestUITests;
				PRODUCT_NAME = "$(TARGET_NAME)";
				SWIFT_VERSION = 5.0;
				TARGETED_DEVICE_FAMILY = "1,2";
				TEST_TARGET_NAME = PushNotificationTest;
			};
			name = Release;
		};
/* End XCBuildConfiguration section */

/* Begin XCConfigurationList section */
		B0FF138024650CF500176DC9 /* Build configuration list for PBXProject "PushNotificationTest" */ = {
			isa = XCConfigurationList;
			buildConfigurations = (
				B0FF13B024650CF600176DC9 /* Debug */,
				B0FF13B124650CF600176DC9 /* Release */,
			);
			defaultConfigurationIsVisible = 0;
			defaultConfigurationName = Release;
		};
		B0FF13B224650CF600176DC9 /* Build configuration list for PBXNativeTarget "PushNotificationTest" */ = {
			isa = XCConfigurationList;
			buildConfigurations = (
				B0FF13B324650CF600176DC9 /* Debug */,
				B0FF13B424650CF600176DC9 /* Release */,
			);
			defaultConfigurationIsVisible = 0;
			defaultConfigurationName = Release;
		};
		B0FF13B524650CF600176DC9 /* Build configuration list for PBXNativeTarget "PushNotificationTestTests" */ = {
			isa = XCConfigurationList;
			buildConfigurations = (
				B0FF13B624650CF600176DC9 /* Debug */,
				B0FF13B724650CF600176DC9 /* Release */,
			);
			defaultConfigurationIsVisible = 0;
			defaultConfigurationName = Release;
		};
		B0FF13B824650CF600176DC9 /* Build configuration list for PBXNativeTarget "PushNotificationTestUITests" */ = {
			isa = XCConfigurationList;
			buildConfigurations = (
				B0FF13B924650CF600176DC9 /* Debug */,
				B0FF13BA24650CF600176DC9 /* Release */,
			);
			defaultConfigurationIsVisible = 0;
			defaultConfigurationName = Release;
		};
/* End XCConfigurationList section */

/* Begin XCVersionGroup section */
		B0FF139124650CF500176DC9 /* PushNotificationTest.xcdatamodeld */ = {
			isa = XCVersionGroup;
			children = (
				B0FF139224650CF500176DC9 /* PushNotificationTest.xcdatamodel */,
			);
			currentVersion = B0FF139224650CF500176DC9 /* PushNotificationTest.xcdatamodel */;
			path = PushNotificationTest.xcdatamodeld;
			sourceTree = "<group>";
			versionGroupType = wrapper.xcdatamodel;
		};
/* End XCVersionGroup section */
	};
	rootObject = B0FF137D24650CF500176DC9 /* Project object */;
}
