// !$*UTF8*$!
{
	archiveVersion = 1;
	classes = {
	};
	objectVersion = 56;
	objects = {

/* Begin PBXBuildFile section */
		B03A1100295E75A0006CE933 /* GreetingUI.framework in Frameworks */ = {isa = PBXBuildFile; fileRef = B03A10F7295E75A0006CE933 /* GreetingUI.framework */; };
		B03A1105295E75A0006CE933 /* GreetingUITests.swift in Sources */ = {isa = PBXBuildFile; fileRef = B03A1104295E75A0006CE933 /* GreetingUITests.swift */; };
		B03A1106295E75A0006CE933 /* GreetingUI.h in Headers */ = {isa = PBXBuildFile; fileRef = B03A10FA295E75A0006CE933 /* GreetingUI.h */; settings = {ATTRIBUTES = (Public, ); }; };
		B03A1110295E7748006CE933 /* GreetingViewController.swift in Sources */ = {isa = PBXBuildFile; fileRef = B03A110F295E7748006CE933 /* GreetingViewController.swift */; };
		B03A1112295E7756006CE933 /* Greeting.storyboard in Resources */ = {isa = PBXBuildFile; fileRef = B03A1111295E7756006CE933 /* Greeting.storyboard */; };
		B03A115A295E8AAB006CE933 /* Toast in Frameworks */ = {isa = PBXBuildFile; productRef = B03A1159295E8AAB006CE933 /* Toast */; };
/* End PBXBuildFile section */

/* Begin PBXContainerItemProxy section */
		B03A1101295E75A0006CE933 /* PBXContainerItemProxy */ = {
			isa = PBXContainerItemProxy;
			containerPortal = B03A10EE295E75A0006CE933 /* Project object */;
			proxyType = 1;
			remoteGlobalIDString = B03A10F6295E75A0006CE933;
			remoteInfo = GreetingUI;
		};
/* End PBXContainerItemProxy section */

/* Begin PBXFileReference section */
		B03A10F7295E75A0006CE933 /* GreetingUI.framework */ = {isa = PBXFileReference; explicitFileType = wrapper.framework; includeInIndex = 0; path = GreetingUI.framework; sourceTree = BUILT_PRODUCTS_DIR; };
		B03A10FA295E75A0006CE933 /* GreetingUI.h */ = {isa = PBXFileReference; lastKnownFileType = sourcecode.c.h; path = GreetingUI.h; sourceTree = "<group>"; };
		B03A10FF295E75A0006CE933 /* GreetingUITests.xctest */ = {isa = PBXFileReference; explicitFileType = wrapper.cfbundle; includeInIndex = 0; path = GreetingUITests.xctest; sourceTree = BUILT_PRODUCTS_DIR; };
		B03A1104295E75A0006CE933 /* GreetingUITests.swift */ = {isa = PBXFileReference; lastKnownFileType = sourcecode.swift; path = GreetingUITests.swift; sourceTree = "<group>"; };
		B03A110F295E7748006CE933 /* GreetingViewController.swift */ = {isa = PBXFileReference; lastKnownFileType = sourcecode.swift; path = GreetingViewController.swift; sourceTree = "<group>"; };
		B03A1111295E7756006CE933 /* Greeting.storyboard */ = {isa = PBXFileReference; lastKnownFileType = file.storyboard; path = Greeting.storyboard; sourceTree = "<group>"; };
/* End PBXFileReference section */

/* Begin PBXFrameworksBuildPhase section */
		B03A10F4295E75A0006CE933 /* Frameworks */ = {
			isa = PBXFrameworksBuildPhase;
			buildActionMask = 2147483647;
			files = (
				B03A115A295E8AAB006CE933 /* Toast in Frameworks */,
			);
			runOnlyForDeploymentPostprocessing = 0;
		};
		B03A10FC295E75A0006CE933 /* Frameworks */ = {
			isa = PBXFrameworksBuildPhase;
			buildActionMask = 2147483647;
			files = (
				B03A1100295E75A0006CE933 /* GreetingUI.framework in Frameworks */,
			);
			runOnlyForDeploymentPostprocessing = 0;
		};
/* End PBXFrameworksBuildPhase section */

/* Begin PBXGroup section */
		B03A10ED295E75A0006CE933 = {
			isa = PBXGroup;
			children = (
				B03A10F9295E75A0006CE933 /* GreetingUI */,
				B03A1103295E75A0006CE933 /* GreetingUITests */,
				B03A10F8295E75A0006CE933 /* Products */,
			);
			sourceTree = "<group>";
		};
		B03A10F8295E75A0006CE933 /* Products */ = {
			isa = PBXGroup;
			children = (
				B03A10F7295E75A0006CE933 /* GreetingUI.framework */,
				B03A10FF295E75A0006CE933 /* GreetingUITests.xctest */,
			);
			name = Products;
			sourceTree = "<group>";
		};
		B03A10F9295E75A0006CE933 /* GreetingUI */ = {
			isa = PBXGroup;
			children = (
				B03A10FA295E75A0006CE933 /* GreetingUI.h */,
				B03A110F295E7748006CE933 /* GreetingViewController.swift */,
				B03A1111295E7756006CE933 /* Greeting.storyboard */,
			);
			path = GreetingUI;
			sourceTree = "<group>";
		};
		B03A1103295E75A0006CE933 /* GreetingUITests */ = {
			isa = PBXGroup;
			children = (
				B03A1104295E75A0006CE933 /* GreetingUITests.swift */,
			);
			path = GreetingUITests;
			sourceTree = "<group>";
		};
/* End PBXGroup section */

/* Begin PBXHeadersBuildPhase section */
		B03A10F2295E75A0006CE933 /* Headers */ = {
			isa = PBXHeadersBuildPhase;
			buildActionMask = 2147483647;
			files = (
				B03A1106295E75A0006CE933 /* GreetingUI.h in Headers */,
			);
			runOnlyForDeploymentPostprocessing = 0;
		};
/* End PBXHeadersBuildPhase section */

/* Begin PBXNativeTarget section */
		B03A10F6295E75A0006CE933 /* GreetingUI */ = {
			isa = PBXNativeTarget;
			buildConfigurationList = B03A1109295E75A0006CE933 /* Build configuration list for PBXNativeTarget "GreetingUI" */;
			buildPhases = (
				B03A10F2295E75A0006CE933 /* Headers */,
				B03A10F3295E75A0006CE933 /* Sources */,
				B03A10F4295E75A0006CE933 /* Frameworks */,
				B03A10F5295E75A0006CE933 /* Resources */,
			);
			buildRules = (
			);
			dependencies = (
			);
			name = GreetingUI;
			packageProductDependencies = (
				B03A1159295E8AAB006CE933 /* Toast */,
			);
			productName = GreetingUI;
			productReference = B03A10F7295E75A0006CE933 /* GreetingUI.framework */;
			productType = "com.apple.product-type.framework";
		};
		B03A10FE295E75A0006CE933 /* GreetingUITests */ = {
			isa = PBXNativeTarget;
			buildConfigurationList = B03A110C295E75A0006CE933 /* Build configuration list for PBXNativeTarget "GreetingUITests" */;
			buildPhases = (
				B03A10FB295E75A0006CE933 /* Sources */,
				B03A10FC295E75A0006CE933 /* Frameworks */,
				B03A10FD295E75A0006CE933 /* Resources */,
			);
			buildRules = (
			);
			dependencies = (
				B03A1102295E75A0006CE933 /* PBXTargetDependency */,
			);
			name = GreetingUITests;
			productName = GreetingUITests;
			productReference = B03A10FF295E75A0006CE933 /* GreetingUITests.xctest */;
			productType = "com.apple.product-type.bundle.unit-test";
		};
/* End PBXNativeTarget section */

/* Begin PBXProject section */
		B03A10EE295E75A0006CE933 /* Project object */ = {
			isa = PBXProject;
			attributes = {
				BuildIndependentTargetsInParallel = 1;
				LastSwiftUpdateCheck = 1420;
				LastUpgradeCheck = 1420;
				TargetAttributes = {
					B03A10F6295E75A0006CE933 = {
						CreatedOnToolsVersion = 14.2;
						LastSwiftMigration = 1420;
					};
					B03A10FE295E75A0006CE933 = {
						CreatedOnToolsVersion = 14.2;
					};
				};
			};
			buildConfigurationList = B03A10F1295E75A0006CE933 /* Build configuration list for PBXProject "GreetingUI" */;
			compatibilityVersion = "Xcode 14.0";
			developmentRegion = en;
			hasScannedForEncodings = 0;
			knownRegions = (
				en,
				Base,
			);
			mainGroup = B03A10ED295E75A0006CE933;
			packageReferences = (
				B03A1158295E8AAB006CE933 /* XCRemoteSwiftPackageReference "Toast-Swift" */,
			);
			productRefGroup = B03A10F8295E75A0006CE933 /* Products */;
			projectDirPath = "";
			projectRoot = "";
			targets = (
				B03A10F6295E75A0006CE933 /* GreetingUI */,
				B03A10FE295E75A0006CE933 /* GreetingUITests */,
			);
		};
/* End PBXProject section */

/* Begin PBXResourcesBuildPhase section */
		B03A10F5295E75A0006CE933 /* Resources */ = {
			isa = PBXResourcesBuildPhase;
			buildActionMask = 2147483647;
			files = (
				B03A1112295E7756006CE933 /* Greeting.storyboard in Resources */,
			);
			runOnlyForDeploymentPostprocessing = 0;
		};
		B03A10FD295E75A0006CE933 /* Resources */ = {
			isa = PBXResourcesBuildPhase;
			buildActionMask = 2147483647;
			files = (
			);
			runOnlyForDeploymentPostprocessing = 0;
		};
/* End PBXResourcesBuildPhase section */

/* Begin PBXSourcesBuildPhase section */
		B03A10F3295E75A0006CE933 /* Sources */ = {
			isa = PBXSourcesBuildPhase;
			buildActionMask = 2147483647;
			files = (
				B03A1110295E7748006CE933 /* GreetingViewController.swift in Sources */,
			);
			runOnlyForDeploymentPostprocessing = 0;
		};
		B03A10FB295E75A0006CE933 /* Sources */ = {
			isa = PBXSourcesBuildPhase;
			buildActionMask = 2147483647;
			files = (
				B03A1105295E75A0006CE933 /* GreetingUITests.swift in Sources */,
			);
			runOnlyForDeploymentPostprocessing = 0;
		};
/* End PBXSourcesBuildPhase section */

/* Begin PBXTargetDependency section */
		B03A1102295E75A0006CE933 /* PBXTargetDependency */ = {
			isa = PBXTargetDependency;
			target = B03A10F6295E75A0006CE933 /* GreetingUI */;
			targetProxy = B03A1101295E75A0006CE933 /* PBXContainerItemProxy */;
		};
/* End PBXTargetDependency section */

/* Begin XCBuildConfiguration section */
		B03A1107295E75A0006CE933 /* Debug */ = {
			isa = XCBuildConfiguration;
			buildSettings = {
				ALWAYS_SEARCH_USER_PATHS = NO;
				CLANG_ANALYZER_NONNULL = YES;
				CLANG_ANALYZER_NUMBER_OBJECT_CONVERSION = YES_AGGRESSIVE;
				CLANG_CXX_LANGUAGE_STANDARD = "gnu++20";
				CLANG_ENABLE_MODULES = YES;
				CLANG_ENABLE_OBJC_ARC = YES;
				CLANG_ENABLE_OBJC_WEAK = YES;
				CLANG_WARN_BLOCK_CAPTURE_AUTORELEASING = YES;
				CLANG_WARN_BOOL_CONVERSION = YES;
				CLANG_WARN_COMMA = YES;
				CLANG_WARN_CONSTANT_CONVERSION = YES;
				CLANG_WARN_DEPRECATED_OBJC_IMPLEMENTATIONS = YES;
				CLANG_WARN_DIRECT_OBJC_ISA_USAGE = YES_ERROR;
				CLANG_WARN_DOCUMENTATION_COMMENTS = YES;
				CLANG_WARN_EMPTY_BODY = YES;
				CLANG_WARN_ENUM_CONVERSION = YES;
				CLANG_WARN_INFINITE_RECURSION = YES;
				CLANG_WARN_INT_CONVERSION = YES;
				CLANG_WARN_NON_LITERAL_NULL_CONVERSION = YES;
				CLANG_WARN_OBJC_IMPLICIT_RETAIN_SELF = YES;
				CLANG_WARN_OBJC_LITERAL_CONVERSION = YES;
				CLANG_WARN_OBJC_ROOT_CLASS = YES_ERROR;
				CLANG_WARN_QUOTED_INCLUDE_IN_FRAMEWORK_HEADER = YES;
				CLANG_WARN_RANGE_LOOP_ANALYSIS = YES;
				CLANG_WARN_STRICT_PROTOTYPES = YES;
				CLANG_WARN_SUSPICIOUS_MOVE = YES;
				CLANG_WARN_UNGUARDED_AVAILABILITY = YES_AGGRESSIVE;
				CLANG_WARN_UNREACHABLE_CODE = YES;
				CLANG_WARN__DUPLICATE_METHOD_MATCH = YES;
				COPY_PHASE_STRIP = NO;
				CURRENT_PROJECT_VERSION = 1;
				DEBUG_INFORMATION_FORMAT = dwarf;
				ENABLE_STRICT_OBJC_MSGSEND = YES;
				ENABLE_TESTABILITY = YES;
				GCC_C_LANGUAGE_STANDARD = gnu11;
				GCC_DYNAMIC_NO_PIC = NO;
				GCC_NO_COMMON_BLOCKS = YES;
				GCC_OPTIMIZATION_LEVEL = 0;
				GCC_PREPROCESSOR_DEFINITIONS = (
					"DEBUG=1",
					"$(inherited)",
				);
				GCC_WARN_64_TO_32_BIT_CONVERSION = YES;
				GCC_WARN_ABOUT_RETURN_TYPE = YES_ERROR;
				GCC_WARN_UNDECLARED_SELECTOR = YES;
				GCC_WARN_UNINITIALIZED_AUTOS = YES_AGGRESSIVE;
				GCC_WARN_UNUSED_FUNCTION = YES;
				GCC_WARN_UNUSED_VARIABLE = YES;
				IPHONEOS_DEPLOYMENT_TARGET = 16.2;
				MTL_ENABLE_DEBUG_INFO = INCLUDE_SOURCE;
				MTL_FAST_MATH = YES;
				ONLY_ACTIVE_ARCH = YES;
				SDKROOT = iphoneos;
				SWIFT_ACTIVE_COMPILATION_CONDITIONS = DEBUG;
				SWIFT_OPTIMIZATION_LEVEL = "-Onone";
				VERSIONING_SYSTEM = "apple-generic";
				VERSION_INFO_PREFIX = "";
			};
			name = Debug;
		};
		B03A1108295E75A0006CE933 /* Release */ = {
			isa = XCBuildConfiguration;
			buildSettings = {
				ALWAYS_SEARCH_USER_PATHS = NO;
				CLANG_ANALYZER_NONNULL = YES;
				CLANG_ANALYZER_NUMBER_OBJECT_CONVERSION = YES_AGGRESSIVE;
				CLANG_CXX_LANGUAGE_STANDARD = "gnu++20";
				CLANG_ENABLE_MODULES = YES;
				CLANG_ENABLE_OBJC_ARC = YES;
				CLANG_ENABLE_OBJC_WEAK = YES;
				CLANG_WARN_BLOCK_CAPTURE_AUTORELEASING = YES;
				CLANG_WARN_BOOL_CONVERSION = YES;
				CLANG_WARN_COMMA = YES;
				CLANG_WARN_CONSTANT_CONVERSION = YES;
				CLANG_WARN_DEPRECATED_OBJC_IMPLEMENTATIONS = YES;
				CLANG_WARN_DIRECT_OBJC_ISA_USAGE = YES_ERROR;
				CLANG_WARN_DOCUMENTATION_COMMENTS = YES;
				CLANG_WARN_EMPTY_BODY = YES;
				CLANG_WARN_ENUM_CONVERSION = YES;
				CLANG_WARN_INFINITE_RECURSION = YES;
				CLANG_WARN_INT_CONVERSION = YES;
				CLANG_WARN_NON_LITERAL_NULL_CONVERSION = YES;
				CLANG_WARN_OBJC_IMPLICIT_RETAIN_SELF = YES;
				CLANG_WARN_OBJC_LITERAL_CONVERSION = YES;
				CLANG_WARN_OBJC_ROOT_CLASS = YES_ERROR;
				CLANG_WARN_QUOTED_INCLUDE_IN_FRAMEWORK_HEADER = YES;
				CLANG_WARN_RANGE_LOOP_ANALYSIS = YES;
				CLANG_WARN_STRICT_PROTOTYPES = YES;
				CLANG_WARN_SUSPICIOUS_MOVE = YES;
				CLANG_WARN_UNGUARDED_AVAILABILITY = YES_AGGRESSIVE;
				CLANG_WARN_UNREACHABLE_CODE = YES;
				CLANG_WARN__DUPLICATE_METHOD_MATCH = YES;
				COPY_PHASE_STRIP = NO;
				CURRENT_PROJECT_VERSION = 1;
				DEBUG_INFORMATION_FORMAT = "dwarf-with-dsym";
				ENABLE_NS_ASSERTIONS = NO;
				ENABLE_STRICT_OBJC_MSGSEND = YES;
				GCC_C_LANGUAGE_STANDARD = gnu11;
				GCC_NO_COMMON_BLOCKS = YES;
				GCC_WARN_64_TO_32_BIT_CONVERSION = YES;
				GCC_WARN_ABOUT_RETURN_TYPE = YES_ERROR;
				GCC_WARN_UNDECLARED_SELECTOR = YES;
				GCC_WARN_UNINITIALIZED_AUTOS = YES_AGGRESSIVE;
				GCC_WARN_UNUSED_FUNCTION = YES;
				GCC_WARN_UNUSED_VARIABLE = YES;
				IPHONEOS_DEPLOYMENT_TARGET = 16.2;
				MTL_ENABLE_DEBUG_INFO = NO;
				MTL_FAST_MATH = YES;
				SDKROOT = iphoneos;
				SWIFT_COMPILATION_MODE = wholemodule;
				SWIFT_OPTIMIZATION_LEVEL = "-O";
				VALIDATE_PRODUCT = YES;
				VERSIONING_SYSTEM = "apple-generic";
				VERSION_INFO_PREFIX = "";
			};
			name = Release;
		};
		B03A110A295E75A0006CE933 /* Debug */ = {
			isa = XCBuildConfiguration;
			buildSettings = {
				CLANG_ENABLE_MODULES = YES;
				CODE_SIGN_STYLE = Automatic;
				CURRENT_PROJECT_VERSION = 1;
				DEFINES_MODULE = YES;
				DEVELOPMENT_TEAM = AMC9S4PB93;
				DYLIB_COMPATIBILITY_VERSION = 1;
				DYLIB_CURRENT_VERSION = 1;
				DYLIB_INSTALL_NAME_BASE = "@rpath";
				GENERATE_INFOPLIST_FILE = YES;
				INFOPLIST_KEY_NSHumanReadableCopyright = "";
				INSTALL_PATH = "$(LOCAL_LIBRARY_DIR)/Frameworks";
				LD_RUNPATH_SEARCH_PATHS = (
					"$(inherited)",
					"@executable_path/Frameworks",
					"@loader_path/Frameworks",
				);
				MARKETING_VERSION = 1.0;
				PRODUCT_BUNDLE_IDENTIFIER = com.waynestalk.GreetingUI;
				PRODUCT_NAME = "$(TARGET_NAME:c99extidentifier)";
				SKIP_INSTALL = YES;
				SWIFT_EMIT_LOC_STRINGS = YES;
				SWIFT_OPTIMIZATION_LEVEL = "-Onone";
				SWIFT_VERSION = 5.0;
				TARGETED_DEVICE_FAMILY = "1,2";
			};
			name = Debug;
		};
		B03A110B295E75A0006CE933 /* Release */ = {
			isa = XCBuildConfiguration;
			buildSettings = {
				CLANG_ENABLE_MODULES = YES;
				CODE_SIGN_STYLE = Automatic;
				CURRENT_PROJECT_VERSION = 1;
				DEFINES_MODULE = YES;
				DEVELOPMENT_TEAM = AMC9S4PB93;
				DYLIB_COMPATIBILITY_VERSION = 1;
				DYLIB_CURRENT_VERSION = 1;
				DYLIB_INSTALL_NAME_BASE = "@rpath";
				GENERATE_INFOPLIST_FILE = YES;
				INFOPLIST_KEY_NSHumanReadableCopyright = "";
				INSTALL_PATH = "$(LOCAL_LIBRARY_DIR)/Frameworks";
				LD_RUNPATH_SEARCH_PATHS = (
					"$(inherited)",
					"@executable_path/Frameworks",
					"@loader_path/Frameworks",
				);
				MARKETING_VERSION = 1.0;
				PRODUCT_BUNDLE_IDENTIFIER = com.waynestalk.GreetingUI;
				PRODUCT_NAME = "$(TARGET_NAME:c99extidentifier)";
				SKIP_INSTALL = YES;
				SWIFT_EMIT_LOC_STRINGS = YES;
				SWIFT_VERSION = 5.0;
				TARGETED_DEVICE_FAMILY = "1,2";
			};
			name = Release;
		};
		B03A110D295E75A0006CE933 /* Debug */ = {
			isa = XCBuildConfiguration;
			buildSettings = {
				ALWAYS_EMBED_SWIFT_STANDARD_LIBRARIES = YES;
				CODE_SIGN_STYLE = Automatic;
				CURRENT_PROJECT_VERSION = 1;
				DEVELOPMENT_TEAM = AMC9S4PB93;
				GENERATE_INFOPLIST_FILE = YES;
				MARKETING_VERSION = 1.0;
				PRODUCT_BUNDLE_IDENTIFIER = com.waynestalk.GreetingUITests;
				PRODUCT_NAME = "$(TARGET_NAME)";
				SWIFT_EMIT_LOC_STRINGS = NO;
				SWIFT_VERSION = 5.0;
				TARGETED_DEVICE_FAMILY = "1,2";
			};
			name = Debug;
		};
		B03A110E295E75A0006CE933 /* Release */ = {
			isa = XCBuildConfiguration;
			buildSettings = {
				ALWAYS_EMBED_SWIFT_STANDARD_LIBRARIES = YES;
				CODE_SIGN_STYLE = Automatic;
				CURRENT_PROJECT_VERSION = 1;
				DEVELOPMENT_TEAM = AMC9S4PB93;
				GENERATE_INFOPLIST_FILE = YES;
				MARKETING_VERSION = 1.0;
				PRODUCT_BUNDLE_IDENTIFIER = com.waynestalk.GreetingUITests;
				PRODUCT_NAME = "$(TARGET_NAME)";
				SWIFT_EMIT_LOC_STRINGS = NO;
				SWIFT_VERSION = 5.0;
				TARGETED_DEVICE_FAMILY = "1,2";
			};
			name = Release;
		};
/* End XCBuildConfiguration section */

/* Begin XCConfigurationList section */
		B03A10F1295E75A0006CE933 /* Build configuration list for PBXProject "GreetingUI" */ = {
			isa = XCConfigurationList;
			buildConfigurations = (
				B03A1107295E75A0006CE933 /* Debug */,
				B03A1108295E75A0006CE933 /* Release */,
			);
			defaultConfigurationIsVisible = 0;
			defaultConfigurationName = Release;
		};
		B03A1109295E75A0006CE933 /* Build configuration list for PBXNativeTarget "GreetingUI" */ = {
			isa = XCConfigurationList;
			buildConfigurations = (
				B03A110A295E75A0006CE933 /* Debug */,
				B03A110B295E75A0006CE933 /* Release */,
			);
			defaultConfigurationIsVisible = 0;
			defaultConfigurationName = Release;
		};
		B03A110C295E75A0006CE933 /* Build configuration list for PBXNativeTarget "GreetingUITests" */ = {
			isa = XCConfigurationList;
			buildConfigurations = (
				B03A110D295E75A0006CE933 /* Debug */,
				B03A110E295E75A0006CE933 /* Release */,
			);
			defaultConfigurationIsVisible = 0;
			defaultConfigurationName = Release;
		};
/* End XCConfigurationList section */

/* Begin XCRemoteSwiftPackageReference section */
		B03A1158295E8AAB006CE933 /* XCRemoteSwiftPackageReference "Toast-Swift" */ = {
			isa = XCRemoteSwiftPackageReference;
			repositoryURL = "https://github.com/scalessec/Toast-Swift";
			requirement = {
				kind = upToNextMajorVersion;
				minimumVersion = 5.0.0;
			};
		};
/* End XCRemoteSwiftPackageReference section */

/* Begin XCSwiftPackageProductDependency section */
		B03A1159295E8AAB006CE933 /* Toast */ = {
			isa = XCSwiftPackageProductDependency;
			package = B03A1158295E8AAB006CE933 /* XCRemoteSwiftPackageReference "Toast-Swift" */;
			productName = Toast;
		};
/* End XCSwiftPackageProductDependency section */
	};
	rootObject = B03A10EE295E75A0006CE933 /* Project object */;
}
